
Microsoft Visual Studio Solution File, Format Version 12.00
# Visual Studio Version 17
VisualStudioVersion = 17.8.34322.80
MinimumVisualStudioVersion = 10.0.40219.1
Project("{FAE04EC0-301F-11D3-BF4B-00C04F79EFBC}") = "hw4", "hw4.csproj", "{DD9062E3-11EB-4EC7-A67E-2C43D165F773}"
EndProject
Global
	GlobalSection(SolutionConfigurationPlatforms) = preSolution
		Debug|Any CPU = Debug|Any CPU
		Release|Any CPU = Release|Any CPU
	EndGlobalSection
	GlobalSection(ProjectConfigurationPlatforms) = postSolution
		{DD9062E3-11EB-4EC7-A67E-2C43D165F773}.Debug|Any CPU.ActiveCfg = Debug|Any CPU
		{DD9062E3-11EB-4EC7-A67E-2C43D165F773}.Debug|Any CPU.Build.0 = Debug|Any CPU
		{DD9062E3-11EB-4EC7-A67E-2C43D165F773}.Release|Any CPU.ActiveCfg = Release|Any CPU
		{DD9062E3-11EB-4EC7-A67E-2C43D165F773}.Release|Any CPU.Build.0 = Release|Any CPU
	EndGlobalSection
	GlobalSection(SolutionProperties) = preSolution
		HideSolutionNode = FALSE
	EndGlobalSection
	GlobalSection(ExtensibilityGlobals) = postSolution
		SolutionGuid = {C72C4706-5B78-4417-BAF1-A6DA3577759B}
	EndGlobalSection
EndGlobal
